// !$*UTF8*$!
{
	archiveVersion = 1;
	classes = {
	};
	objectVersion = 56;
	objects = {

/* Begin PBXBuildFile section */
		5916B947DF0CDA5097EF4393 /* Pods_SPG_2023Tests.framework in Frameworks */ = {isa = PBXBuildFile; fileRef = 67762BC471108428AC33E253 /* Pods_SPG_2023Tests.framework */; };
		5E2149EC2AD6B84700BB0CCD /* RegistrationView.swift in Sources */ = {isa = PBXBuildFile; fileRef = 5E2149EB2AD6B84700BB0CCD /* RegistrationView.swift */; };
		5E2149EE2AD6BBF300BB0CCD /* programView.swift in Sources */ = {isa = PBXBuildFile; fileRef = 5E2149ED2AD6BBF300BB0CCD /* programView.swift */; };
		5E2149F22AD6D87500BB0CCD /* ConferenceView.swift in Sources */ = {isa = PBXBuildFile; fileRef = 5E2149F12AD6D87500BB0CCD /* ConferenceView.swift */; };
		5E2149F42AD6D88500BB0CCD /* ExhibitionView.swift in Sources */ = {isa = PBXBuildFile; fileRef = 5E2149F32AD6D88500BB0CCD /* ExhibitionView.swift */; };
		5E2149F62AD6D8A900BB0CCD /* pdfViewHelp.swift in Sources */ = {isa = PBXBuildFile; fileRef = 5E2149F52AD6D8A900BB0CCD /* pdfViewHelp.swift */; };
		5E22F74A2AD7BAA900207F8A /* Launch Screen.storyboard in Resources */ = {isa = PBXBuildFile; fileRef = 5E22F7492AD7BAA900207F8A /* Launch Screen.storyboard */; };
		5E22F74C2AD7BD7400207F8A /* splashView.swift in Sources */ = {isa = PBXBuildFile; fileRef = 5E22F74B2AD7BD7400207F8A /* splashView.swift */; };
		5E3D3BFC2AD7CF8F00D6E249 /* authorsDetailView.swift in Sources */ = {isa = PBXBuildFile; fileRef = 5E3D3BFB2AD7CF8F00D6E249 /* authorsDetailView.swift */; };
		5E3D3BFE2AD7F38700D6E249 /* ScheduleView.swift in Sources */ = {isa = PBXBuildFile; fileRef = 5E3D3BFD2AD7F38700D6E249 /* ScheduleView.swift */; };
		5E3D3C002AD7F54200D6E249 /* ScheduleDetailsView.swift in Sources */ = {isa = PBXBuildFile; fileRef = 5E3D3BFF2AD7F54200D6E249 /* ScheduleDetailsView.swift */; };
		5E3D3C022AD7FF7000D6E249 /* taskSummaryView.swift in Sources */ = {isa = PBXBuildFile; fileRef = 5E3D3C012AD7FF7000D6E249 /* taskSummaryView.swift */; };
		5E3D3C042AD809E100D6E249 /* firebaseDB.swift in Sources */ = {isa = PBXBuildFile; fileRef = 5E3D3C032AD809E100D6E249 /* firebaseDB.swift */; };
		5E4869D12ACE979F00435ED8 /* tracksView.swift in Sources */ = {isa = PBXBuildFile; fileRef = 5E4869D02ACE979F00435ED8 /* tracksView.swift */; };
		5E4869D32ACED92400435ED8 /* SideMenuView.swift in Sources */ = {isa = PBXBuildFile; fileRef = 5E4869D22ACED92400435ED8 /* SideMenuView.swift */; };
		5E4869D52ACFCC5800435ED8 /* CECourseView.swift in Sources */ = {isa = PBXBuildFile; fileRef = 5E4869D42ACFCC5800435ED8 /* CECourseView.swift */; };
		5E4869D72ACFCED200435ED8 /* FirstPage.swift in Sources */ = {isa = PBXBuildFile; fileRef = 5E4869D62ACFCED200435ED8 /* FirstPage.swift */; };
		5E4869D92ACFD8EB00435ED8 /* Main.swift in Sources */ = {isa = PBXBuildFile; fileRef = 5E4869D82ACFD8EB00435ED8 /* Main.swift */; };
		5E4869DD2ACFEC0400435ED8 /* NavigateView.swift in Sources */ = {isa = PBXBuildFile; fileRef = 5E4869DC2ACFEC0400435ED8 /* NavigateView.swift */; };
		5E4869E12AD2BF1600435ED8 /* Data in Resources */ = {isa = PBXBuildFile; fileRef = 5E4869E02AD2BF1600435ED8 /* Data */; };
		5E4869E32AD3C36E00435ED8 /* LoadFileData.swift in Sources */ = {isa = PBXBuildFile; fileRef = 5E4869E22AD3C36E00435ED8 /* LoadFileData.swift */; };
		5E4869E52AD3E12500435ED8 /* loadJsonData.swift in Sources */ = {isa = PBXBuildFile; fileRef = 5E4869E42AD3E12500435ED8 /* loadJsonData.swift */; };
		5E4970D92ACD46EC003870AC /* SPEG_NOV_2023App.swift in Sources */ = {isa = PBXBuildFile; fileRef = 5E4970D82ACD46EC003870AC /* SPEG_NOV_2023App.swift */; };
		5E4970DB2ACD46EC003870AC /* ContentView.swift in Sources */ = {isa = PBXBuildFile; fileRef = 5E4970DA2ACD46EC003870AC /* ContentView.swift */; };
		5E4970DD2ACD46ED003870AC /* Assets.xcassets in Resources */ = {isa = PBXBuildFile; fileRef = 5E4970DC2ACD46ED003870AC /* Assets.xcassets */; };
		5E4970E02ACD46ED003870AC /* Preview Assets.xcassets in Resources */ = {isa = PBXBuildFile; fileRef = 5E4970DF2ACD46ED003870AC /* Preview Assets.xcassets */; };
		5E4970E22ACD46ED003870AC /* Persistence.swift in Sources */ = {isa = PBXBuildFile; fileRef = 5E4970E12ACD46ED003870AC /* Persistence.swift */; };
		5E4970E52ACD46ED003870AC /* SPEG_NOV_2023.xcdatamodeld in Sources */ = {isa = PBXBuildFile; fileRef = 5E4970E32ACD46ED003870AC /* SPEG_NOV_2023.xcdatamodeld */; };
		5E4970EF2ACD46ED003870AC /* SPEG_NOV_2023Tests.swift in Sources */ = {isa = PBXBuildFile; fileRef = 5E4970EE2ACD46ED003870AC /* SPEG_NOV_2023Tests.swift */; };
		5E4970F92ACD46ED003870AC /* SPEG_NOV_2023UITests.swift in Sources */ = {isa = PBXBuildFile; fileRef = 5E4970F82ACD46ED003870AC /* SPEG_NOV_2023UITests.swift */; };
		5E4970FB2ACD46ED003870AC /* SPEG_NOV_2023UITestsLaunchTests.swift in Sources */ = {isa = PBXBuildFile; fileRef = 5E4970FA2ACD46ED003870AC /* SPEG_NOV_2023UITestsLaunchTests.swift */; };
		5E4971092ACD78F2003870AC /* home.swift in Sources */ = {isa = PBXBuildFile; fileRef = 5E4971082ACD78F2003870AC /* home.swift */; };
		5E49710B2ACE8243003870AC /* ExtraCode.swift in Sources */ = {isa = PBXBuildFile; fileRef = 5E49710A2ACE8243003870AC /* ExtraCode.swift */; };
		5E97AEDE2AD669E20016DCE6 /* AuthorsView.swift in Sources */ = {isa = PBXBuildFile; fileRef = 5E97AEDD2AD669E20016DCE6 /* AuthorsView.swift */; };
		5EB9671F2AD4177B0003B2FD /* CECourseDetailView.swift in Sources */ = {isa = PBXBuildFile; fileRef = 5EB9671E2AD4177B0003B2FD /* CECourseDetailView.swift */; };
		5EB967212AD556C90003B2FD /* NavigationModifiers.swift in Sources */ = {isa = PBXBuildFile; fileRef = 5EB967202AD556C90003B2FD /* NavigationModifiers.swift */; };
		5EB967232AD564EE0003B2FD /* Test.swift in Sources */ = {isa = PBXBuildFile; fileRef = 5EB967222AD564EE0003B2FD /* Test.swift */; };
		5ED7DA3B2ADD4BF4004D9974 /* tracksDetailView.swift in Sources */ = {isa = PBXBuildFile; fileRef = 5ED7DA3A2ADD4BF4004D9974 /* tracksDetailView.swift */; };
		5ED7DA3D2ADD58D2004D9974 /* keynoteSpeakersView.swift in Sources */ = {isa = PBXBuildFile; fileRef = 5ED7DA3C2ADD58D2004D9974 /* keynoteSpeakersView.swift */; };
		5ED7DA3F2ADD5CA3004D9974 /* KeyNoteDetailView.swift in Sources */ = {isa = PBXBuildFile; fileRef = 5ED7DA3E2ADD5CA3004D9974 /* KeyNoteDetailView.swift */; };
		5ED7DA412ADD6619004D9974 /* sponsorsView.swift in Sources */ = {isa = PBXBuildFile; fileRef = 5ED7DA402ADD6619004D9974 /* sponsorsView.swift */; };
		5ED7DA442ADE53A2004D9974 /* Model.xcdatamodeld in Sources */ = {isa = PBXBuildFile; fileRef = 5ED7DA422ADE53A2004D9974 /* Model.xcdatamodeld */; };
		5ED7DA472ADE5C8E004D9974 /* CoreDataStack.swift in Sources */ = {isa = PBXBuildFile; fileRef = 5ED7DA462ADE5C8E004D9974 /* CoreDataStack.swift */; };
		5ED7DA492ADE622A004D9974 /* favouritesView.swift in Sources */ = {isa = PBXBuildFile; fileRef = 5ED7DA482ADE622A004D9974 /* favouritesView.swift */; };
		5ED7DAC52ADEACF8004D9974 /* galleryView.swift in Sources */ = {isa = PBXBuildFile; fileRef = 5ED7DAC42ADEACF8004D9974 /* galleryView.swift */; };
		5ED7DAC72ADEBA8E004D9974 /* saveToLocal.swift in Sources */ = {isa = PBXBuildFile; fileRef = 5ED7DAC62ADEBA8E004D9974 /* saveToLocal.swift */; };
		5ED7DAC92ADFE840004D9974 /* HeaderView.swift in Sources */ = {isa = PBXBuildFile; fileRef = 5ED7DAC82ADFE840004D9974 /* HeaderView.swift */; };
		5ED7DACB2ADFEBB6004D9974 /* footerView.swift in Sources */ = {isa = PBXBuildFile; fileRef = 5ED7DACA2ADFEBB6004D9974 /* footerView.swift */; };
		5ED7DACD2AE00AC0004D9974 /* contactsView.swift in Sources */ = {isa = PBXBuildFile; fileRef = 5ED7DACC2AE00AC0004D9974 /* contactsView.swift */; };
		5ED7DACF2AE1403A004D9974 /* exhibitorsView.swift in Sources */ = {isa = PBXBuildFile; fileRef = 5ED7DACE2AE1403A004D9974 /* exhibitorsView.swift */; };
		A564F4D191039DA446D45624 /* Pods_SPG_2023_SPG_2023UITests.framework in Frameworks */ = {isa = PBXBuildFile; fileRef = 3D412A02AA6BE034514AAD73 /* Pods_SPG_2023_SPG_2023UITests.framework */; };
		CEF6F2254222281AAAC3F3E2 /* Pods_SPG_2023.framework in Frameworks */ = {isa = PBXBuildFile; fileRef = B83BBADDAEC9C730A6DA3B5F /* Pods_SPG_2023.framework */; };
/* End PBXBuildFile section */

/* Begin PBXContainerItemProxy section */
		5E4970EB2ACD46ED003870AC /* PBXContainerItemProxy */ = {
			isa = PBXContainerItemProxy;
			containerPortal = 5E4970CD2ACD46EC003870AC /* Project object */;
			proxyType = 1;
			remoteGlobalIDString = 5E4970D42ACD46EC003870AC;
			remoteInfo = "SPEG-NOV-2023";
		};
		5E4970F52ACD46ED003870AC /* PBXContainerItemProxy */ = {
			isa = PBXContainerItemProxy;
			containerPortal = 5E4970CD2ACD46EC003870AC /* Project object */;
			proxyType = 1;
			remoteGlobalIDString = 5E4970D42ACD46EC003870AC;
			remoteInfo = "SPEG-NOV-2023";
		};
/* End PBXContainerItemProxy section */

/* Begin PBXFileReference section */
		3D412A02AA6BE034514AAD73 /* Pods_SPG_2023_SPG_2023UITests.framework */ = {isa = PBXFileReference; explicitFileType = wrapper.framework; includeInIndex = 0; path = Pods_SPG_2023_SPG_2023UITests.framework; sourceTree = BUILT_PRODUCTS_DIR; };
		41B0152FD86A8634687A9181 /* Pods-SPG 2023-SPG 2023UITests.debug.xcconfig */ = {isa = PBXFileReference; includeInIndex = 1; lastKnownFileType = text.xcconfig; name = "Pods-SPG 2023-SPG 2023UITests.debug.xcconfig"; path = "Target Support Files/Pods-SPG 2023-SPG 2023UITests/Pods-SPG 2023-SPG 2023UITests.debug.xcconfig"; sourceTree = "<group>"; };
		5E2149EB2AD6B84700BB0CCD /* RegistrationView.swift */ = {isa = PBXFileReference; lastKnownFileType = sourcecode.swift; path = RegistrationView.swift; sourceTree = "<group>"; };
		5E2149ED2AD6BBF300BB0CCD /* programView.swift */ = {isa = PBXFileReference; lastKnownFileType = sourcecode.swift; path = programView.swift; sourceTree = "<group>"; };
		5E2149F12AD6D87500BB0CCD /* ConferenceView.swift */ = {isa = PBXFileReference; lastKnownFileType = sourcecode.swift; path = ConferenceView.swift; sourceTree = "<group>"; };
		5E2149F32AD6D88500BB0CCD /* ExhibitionView.swift */ = {isa = PBXFileReference; lastKnownFileType = sourcecode.swift; path = ExhibitionView.swift; sourceTree = "<group>"; };
		5E2149F52AD6D8A900BB0CCD /* pdfViewHelp.swift */ = {isa = PBXFileReference; lastKnownFileType = sourcecode.swift; path = pdfViewHelp.swift; sourceTree = "<group>"; };
		5E22F7482AD7B8BB00207F8A /* Info.plist */ = {isa = PBXFileReference; lastKnownFileType = text.plist; path = Info.plist; sourceTree = "<group>"; };
		5E22F7492AD7BAA900207F8A /* Launch Screen.storyboard */ = {isa = PBXFileReference; lastKnownFileType = file.storyboard; path = "Launch Screen.storyboard"; sourceTree = "<group>"; };
		5E22F74B2AD7BD7400207F8A /* splashView.swift */ = {isa = PBXFileReference; lastKnownFileType = sourcecode.swift; path = splashView.swift; sourceTree = "<group>"; };
		5E3D3BFB2AD7CF8F00D6E249 /* authorsDetailView.swift */ = {isa = PBXFileReference; lastKnownFileType = sourcecode.swift; path = authorsDetailView.swift; sourceTree = "<group>"; };
		5E3D3BFD2AD7F38700D6E249 /* ScheduleView.swift */ = {isa = PBXFileReference; lastKnownFileType = sourcecode.swift; path = ScheduleView.swift; sourceTree = "<group>"; };
		5E3D3BFF2AD7F54200D6E249 /* ScheduleDetailsView.swift */ = {isa = PBXFileReference; lastKnownFileType = sourcecode.swift; path = ScheduleDetailsView.swift; sourceTree = "<group>"; };
		5E3D3C012AD7FF7000D6E249 /* taskSummaryView.swift */ = {isa = PBXFileReference; lastKnownFileType = sourcecode.swift; path = taskSummaryView.swift; sourceTree = "<group>"; };
		5E3D3C032AD809E100D6E249 /* firebaseDB.swift */ = {isa = PBXFileReference; lastKnownFileType = sourcecode.swift; path = firebaseDB.swift; sourceTree = "<group>"; };
		5E4869D02ACE979F00435ED8 /* tracksView.swift */ = {isa = PBXFileReference; lastKnownFileType = sourcecode.swift; path = tracksView.swift; sourceTree = "<group>"; };
		5E4869D22ACED92400435ED8 /* SideMenuView.swift */ = {isa = PBXFileReference; lastKnownFileType = sourcecode.swift; path = SideMenuView.swift; sourceTree = "<group>"; };
		5E4869D42ACFCC5800435ED8 /* CECourseView.swift */ = {isa = PBXFileReference; lastKnownFileType = sourcecode.swift; path = CECourseView.swift; sourceTree = "<group>"; };
		5E4869D62ACFCED200435ED8 /* FirstPage.swift */ = {isa = PBXFileReference; lastKnownFileType = sourcecode.swift; path = FirstPage.swift; sourceTree = "<group>"; };
		5E4869D82ACFD8EB00435ED8 /* Main.swift */ = {isa = PBXFileReference; lastKnownFileType = sourcecode.swift; path = Main.swift; sourceTree = "<group>"; };
		5E4869DC2ACFEC0400435ED8 /* NavigateView.swift */ = {isa = PBXFileReference; lastKnownFileType = sourcecode.swift; path = NavigateView.swift; sourceTree = "<group>"; };
		5E4869E02AD2BF1600435ED8 /* Data */ = {isa = PBXFileReference; lastKnownFileType = folder; path = Data; sourceTree = "<group>"; };
		5E4869E22AD3C36E00435ED8 /* LoadFileData.swift */ = {isa = PBXFileReference; lastKnownFileType = sourcecode.swift; path = LoadFileData.swift; sourceTree = "<group>"; };
		5E4869E42AD3E12500435ED8 /* loadJsonData.swift */ = {isa = PBXFileReference; lastKnownFileType = sourcecode.swift; path = loadJsonData.swift; sourceTree = "<group>"; };
		5E4970D52ACD46EC003870AC /* SPG 2023.app */ = {isa = PBXFileReference; explicitFileType = wrapper.application; includeInIndex = 0; path = "SPG 2023.app"; sourceTree = BUILT_PRODUCTS_DIR; };
		5E4970D82ACD46EC003870AC /* SPEG_NOV_2023App.swift */ = {isa = PBXFileReference; lastKnownFileType = sourcecode.swift; path = SPEG_NOV_2023App.swift; sourceTree = "<group>"; };
		5E4970DA2ACD46EC003870AC /* ContentView.swift */ = {isa = PBXFileReference; lastKnownFileType = sourcecode.swift; path = ContentView.swift; sourceTree = "<group>"; };
		5E4970DC2ACD46ED003870AC /* Assets.xcassets */ = {isa = PBXFileReference; lastKnownFileType = folder.assetcatalog; path = Assets.xcassets; sourceTree = "<group>"; };
		5E4970DF2ACD46ED003870AC /* Preview Assets.xcassets */ = {isa = PBXFileReference; lastKnownFileType = folder.assetcatalog; path = "Preview Assets.xcassets"; sourceTree = "<group>"; };
		5E4970E12ACD46ED003870AC /* Persistence.swift */ = {isa = PBXFileReference; lastKnownFileType = sourcecode.swift; path = Persistence.swift; sourceTree = "<group>"; };
		5E4970E42ACD46ED003870AC /* SPEG_NOV_2023.xcdatamodel */ = {isa = PBXFileReference; lastKnownFileType = wrapper.xcdatamodel; path = SPEG_NOV_2023.xcdatamodel; sourceTree = "<group>"; };
		5E4970EA2ACD46ED003870AC /* SPG 2023Tests.xctest */ = {isa = PBXFileReference; explicitFileType = wrapper.cfbundle; includeInIndex = 0; path = "SPG 2023Tests.xctest"; sourceTree = BUILT_PRODUCTS_DIR; };
		5E4970EE2ACD46ED003870AC /* SPEG_NOV_2023Tests.swift */ = {isa = PBXFileReference; lastKnownFileType = sourcecode.swift; path = SPEG_NOV_2023Tests.swift; sourceTree = "<group>"; };
		5E4970F42ACD46ED003870AC /* SPG 2023UITests.xctest */ = {isa = PBXFileReference; explicitFileType = wrapper.cfbundle; includeInIndex = 0; path = "SPG 2023UITests.xctest"; sourceTree = BUILT_PRODUCTS_DIR; };
		5E4970F82ACD46ED003870AC /* SPEG_NOV_2023UITests.swift */ = {isa = PBXFileReference; lastKnownFileType = sourcecode.swift; path = SPEG_NOV_2023UITests.swift; sourceTree = "<group>"; };
		5E4970FA2ACD46ED003870AC /* SPEG_NOV_2023UITestsLaunchTests.swift */ = {isa = PBXFileReference; lastKnownFileType = sourcecode.swift; path = SPEG_NOV_2023UITestsLaunchTests.swift; sourceTree = "<group>"; };
		5E4971082ACD78F2003870AC /* home.swift */ = {isa = PBXFileReference; lastKnownFileType = sourcecode.swift; path = home.swift; sourceTree = "<group>"; };
		5E49710A2ACE8243003870AC /* ExtraCode.swift */ = {isa = PBXFileReference; lastKnownFileType = sourcecode.swift; path = ExtraCode.swift; sourceTree = "<group>"; };
		5E97AEDD2AD669E20016DCE6 /* AuthorsView.swift */ = {isa = PBXFileReference; lastKnownFileType = sourcecode.swift; path = AuthorsView.swift; sourceTree = "<group>"; };
		5EB9671E2AD4177B0003B2FD /* CECourseDetailView.swift */ = {isa = PBXFileReference; lastKnownFileType = sourcecode.swift; path = CECourseDetailView.swift; sourceTree = "<group>"; };
		5EB967202AD556C90003B2FD /* NavigationModifiers.swift */ = {isa = PBXFileReference; lastKnownFileType = sourcecode.swift; path = NavigationModifiers.swift; sourceTree = "<group>"; };
		5EB967222AD564EE0003B2FD /* Test.swift */ = {isa = PBXFileReference; lastKnownFileType = sourcecode.swift; path = Test.swift; sourceTree = "<group>"; };
		5ED7DA3A2ADD4BF4004D9974 /* tracksDetailView.swift */ = {isa = PBXFileReference; lastKnownFileType = sourcecode.swift; path = tracksDetailView.swift; sourceTree = "<group>"; };
		5ED7DA3C2ADD58D2004D9974 /* keynoteSpeakersView.swift */ = {isa = PBXFileReference; lastKnownFileType = sourcecode.swift; path = keynoteSpeakersView.swift; sourceTree = "<group>"; };
		5ED7DA3E2ADD5CA3004D9974 /* KeyNoteDetailView.swift */ = {isa = PBXFileReference; lastKnownFileType = sourcecode.swift; path = KeyNoteDetailView.swift; sourceTree = "<group>"; };
		5ED7DA402ADD6619004D9974 /* sponsorsView.swift */ = {isa = PBXFileReference; lastKnownFileType = sourcecode.swift; path = sponsorsView.swift; sourceTree = "<group>"; };
		5ED7DA432ADE53A2004D9974 /* Model.xcdatamodel */ = {isa = PBXFileReference; lastKnownFileType = wrapper.xcdatamodel; path = Model.xcdatamodel; sourceTree = "<group>"; };
		5ED7DA462ADE5C8E004D9974 /* CoreDataStack.swift */ = {isa = PBXFileReference; lastKnownFileType = sourcecode.swift; path = CoreDataStack.swift; sourceTree = "<group>"; };
		5ED7DA482ADE622A004D9974 /* favouritesView.swift */ = {isa = PBXFileReference; lastKnownFileType = sourcecode.swift; path = favouritesView.swift; sourceTree = "<group>"; };
		5ED7DAC42ADEACF8004D9974 /* galleryView.swift */ = {isa = PBXFileReference; lastKnownFileType = sourcecode.swift; path = galleryView.swift; sourceTree = "<group>"; };
		5ED7DAC62ADEBA8E004D9974 /* saveToLocal.swift */ = {isa = PBXFileReference; lastKnownFileType = sourcecode.swift; path = saveToLocal.swift; sourceTree = "<group>"; };
		5ED7DAC82ADFE840004D9974 /* HeaderView.swift */ = {isa = PBXFileReference; lastKnownFileType = sourcecode.swift; path = HeaderView.swift; sourceTree = "<group>"; };
		5ED7DACA2ADFEBB6004D9974 /* footerView.swift */ = {isa = PBXFileReference; lastKnownFileType = sourcecode.swift; path = footerView.swift; sourceTree = "<group>"; };
		5ED7DACC2AE00AC0004D9974 /* contactsView.swift */ = {isa = PBXFileReference; lastKnownFileType = sourcecode.swift; path = contactsView.swift; sourceTree = "<group>"; };
		5ED7DACE2AE1403A004D9974 /* exhibitorsView.swift */ = {isa = PBXFileReference; lastKnownFileType = sourcecode.swift; path = exhibitorsView.swift; sourceTree = "<group>"; };
		65F7F0D169A3781D776BABC0 /* Pods-SPG 2023Tests.release.xcconfig */ = {isa = PBXFileReference; includeInIndex = 1; lastKnownFileType = text.xcconfig; name = "Pods-SPG 2023Tests.release.xcconfig"; path = "Target Support Files/Pods-SPG 2023Tests/Pods-SPG 2023Tests.release.xcconfig"; sourceTree = "<group>"; };
		67762BC471108428AC33E253 /* Pods_SPG_2023Tests.framework */ = {isa = PBXFileReference; explicitFileType = wrapper.framework; includeInIndex = 0; path = Pods_SPG_2023Tests.framework; sourceTree = BUILT_PRODUCTS_DIR; };
		6AE6E0E2A9AC7546051FFC9C /* Pods-SPG 2023.debug.xcconfig */ = {isa = PBXFileReference; includeInIndex = 1; lastKnownFileType = text.xcconfig; name = "Pods-SPG 2023.debug.xcconfig"; path = "Target Support Files/Pods-SPG 2023/Pods-SPG 2023.debug.xcconfig"; sourceTree = "<group>"; };
		9CBFE3BF55877940CE4868FF /* Pods-SPG 2023.release.xcconfig */ = {isa = PBXFileReference; includeInIndex = 1; lastKnownFileType = text.xcconfig; name = "Pods-SPG 2023.release.xcconfig"; path = "Target Support Files/Pods-SPG 2023/Pods-SPG 2023.release.xcconfig"; sourceTree = "<group>"; };
		B83BBADDAEC9C730A6DA3B5F /* Pods_SPG_2023.framework */ = {isa = PBXFileReference; explicitFileType = wrapper.framework; includeInIndex = 0; path = Pods_SPG_2023.framework; sourceTree = BUILT_PRODUCTS_DIR; };
		F453B563365DBEF1A6ACB33A /* Pods-SPG 2023Tests.debug.xcconfig */ = {isa = PBXFileReference; includeInIndex = 1; lastKnownFileType = text.xcconfig; name = "Pods-SPG 2023Tests.debug.xcconfig"; path = "Target Support Files/Pods-SPG 2023Tests/Pods-SPG 2023Tests.debug.xcconfig"; sourceTree = "<group>"; };
		FCE4A79211F88CF83F3486C0 /* Pods-SPG 2023-SPG 2023UITests.release.xcconfig */ = {isa = PBXFileReference; includeInIndex = 1; lastKnownFileType = text.xcconfig; name = "Pods-SPG 2023-SPG 2023UITests.release.xcconfig"; path = "Target Support Files/Pods-SPG 2023-SPG 2023UITests/Pods-SPG 2023-SPG 2023UITests.release.xcconfig"; sourceTree = "<group>"; };
/* End PBXFileReference section */

/* Begin PBXFrameworksBuildPhase section */
		5E4970D22ACD46EC003870AC /* Frameworks */ = {
			isa = PBXFrameworksBuildPhase;
			buildActionMask = 2147483647;
			files = (
				CEF6F2254222281AAAC3F3E2 /* Pods_SPG_2023.framework in Frameworks */,
			);
			runOnlyForDeploymentPostprocessing = 0;
		};
		5E4970E72ACD46ED003870AC /* Frameworks */ = {
			isa = PBXFrameworksBuildPhase;
			buildActionMask = 2147483647;
			files = (
				5916B947DF0CDA5097EF4393 /* Pods_SPG_2023Tests.framework in Frameworks */,
			);
			runOnlyForDeploymentPostprocessing = 0;
		};
		5E4970F12ACD46ED003870AC /* Frameworks */ = {
			isa = PBXFrameworksBuildPhase;
			buildActionMask = 2147483647;
			files = (
				A564F4D191039DA446D45624 /* Pods_SPG_2023_SPG_2023UITests.framework in Frameworks */,
			);
			runOnlyForDeploymentPostprocessing = 0;
		};
/* End PBXFrameworksBuildPhase section */

/* Begin PBXGroup section */
		5E4970CC2ACD46EC003870AC = {
			isa = PBXGroup;
			children = (
				5ED7DA452ADE5C33004D9974 /* CoreData */,
				5ED7DA422ADE53A2004D9974 /* Model.xcdatamodeld */,
				5E22F7492AD7BAA900207F8A /* Launch Screen.storyboard */,
				5E4970D72ACD46EC003870AC /* SPEG-NOV-2023 */,
				5E4970ED2ACD46ED003870AC /* SPEG-NOV-2023Tests */,
				5E4970F72ACD46ED003870AC /* SPEG-NOV-2023UITests */,
				5E4970D62ACD46EC003870AC /* Products */,
				D75EE729067AFB76DF4EB6A8 /* Pods */,
				BA0B0D8899E143EEB6ADACC4 /* Frameworks */,
			);
			sourceTree = "<group>";
		};
		5E4970D62ACD46EC003870AC /* Products */ = {
			isa = PBXGroup;
			children = (
				5E4970D52ACD46EC003870AC /* SPG 2023.app */,
				5E4970EA2ACD46ED003870AC /* SPG 2023Tests.xctest */,
				5E4970F42ACD46ED003870AC /* SPG 2023UITests.xctest */,
			);
			name = Products;
			sourceTree = "<group>";
		};
		5E4970D72ACD46EC003870AC /* SPEG-NOV-2023 */ = {
			isa = PBXGroup;
			children = (
				5E22F7482AD7B8BB00207F8A /* Info.plist */,
				5E4971072ACD78B9003870AC /* SPG-2023 */,
				5E4970D82ACD46EC003870AC /* SPEG_NOV_2023App.swift */,
				5E4970DC2ACD46ED003870AC /* Assets.xcassets */,
				5E4970DA2ACD46EC003870AC /* ContentView.swift */,
				5E4970E12ACD46ED003870AC /* Persistence.swift */,
				5E4970E32ACD46ED003870AC /* SPEG_NOV_2023.xcdatamodeld */,
				5E4970DE2ACD46ED003870AC /* Preview Content */,
				5E49710A2ACE8243003870AC /* ExtraCode.swift */,
				5ED7DAC82ADFE840004D9974 /* HeaderView.swift */,
			);
			path = "SPEG-NOV-2023";
			sourceTree = "<group>";
		};
		5E4970DE2ACD46ED003870AC /* Preview Content */ = {
			isa = PBXGroup;
			children = (
				5E4970DF2ACD46ED003870AC /* Preview Assets.xcassets */,
			);
			path = "Preview Content";
			sourceTree = "<group>";
		};
		5E4970ED2ACD46ED003870AC /* SPEG-NOV-2023Tests */ = {
			isa = PBXGroup;
			children = (
				5E4970EE2ACD46ED003870AC /* SPEG_NOV_2023Tests.swift */,
			);
			path = "SPEG-NOV-2023Tests";
			sourceTree = "<group>";
		};
		5E4970F72ACD46ED003870AC /* SPEG-NOV-2023UITests */ = {
			isa = PBXGroup;
			children = (
				5E4970F82ACD46ED003870AC /* SPEG_NOV_2023UITests.swift */,
				5E4970FA2ACD46ED003870AC /* SPEG_NOV_2023UITestsLaunchTests.swift */,
			);
			path = "SPEG-NOV-2023UITests";
			sourceTree = "<group>";
		};
		5E4971072ACD78B9003870AC /* SPG-2023 */ = {
			isa = PBXGroup;
			children = (
				5E4869E02AD2BF1600435ED8 /* Data */,
				5E4971082ACD78F2003870AC /* home.swift */,
				5E4869D02ACE979F00435ED8 /* tracksView.swift */,
				5E4869D22ACED92400435ED8 /* SideMenuView.swift */,
				5E4869D42ACFCC5800435ED8 /* CECourseView.swift */,
				5E4869D62ACFCED200435ED8 /* FirstPage.swift */,
				5E4869D82ACFD8EB00435ED8 /* Main.swift */,
				5E4869DC2ACFEC0400435ED8 /* NavigateView.swift */,
				5E4869E22AD3C36E00435ED8 /* LoadFileData.swift */,
				5E4869E42AD3E12500435ED8 /* loadJsonData.swift */,
				5EB9671E2AD4177B0003B2FD /* CECourseDetailView.swift */,
				5EB967202AD556C90003B2FD /* NavigationModifiers.swift */,
				5EB967222AD564EE0003B2FD /* Test.swift */,
				5E97AEDD2AD669E20016DCE6 /* AuthorsView.swift */,
				5E2149EB2AD6B84700BB0CCD /* RegistrationView.swift */,
				5E2149ED2AD6BBF300BB0CCD /* programView.swift */,
				5E2149F12AD6D87500BB0CCD /* ConferenceView.swift */,
				5E2149F32AD6D88500BB0CCD /* ExhibitionView.swift */,
				5E2149F52AD6D8A900BB0CCD /* pdfViewHelp.swift */,
				5E22F74B2AD7BD7400207F8A /* splashView.swift */,
				5E3D3BFB2AD7CF8F00D6E249 /* authorsDetailView.swift */,
				5E3D3BFD2AD7F38700D6E249 /* ScheduleView.swift */,
				5E3D3BFF2AD7F54200D6E249 /* ScheduleDetailsView.swift */,
				5E3D3C012AD7FF7000D6E249 /* taskSummaryView.swift */,
				5E3D3C032AD809E100D6E249 /* firebaseDB.swift */,
				5ED7DA3A2ADD4BF4004D9974 /* tracksDetailView.swift */,
				5ED7DA3C2ADD58D2004D9974 /* keynoteSpeakersView.swift */,
				5ED7DA3E2ADD5CA3004D9974 /* KeyNoteDetailView.swift */,
				5ED7DA402ADD6619004D9974 /* sponsorsView.swift */,
				5ED7DA482ADE622A004D9974 /* favouritesView.swift */,
				5ED7DAC42ADEACF8004D9974 /* galleryView.swift */,
				5ED7DAC62ADEBA8E004D9974 /* saveToLocal.swift */,
				5ED7DACA2ADFEBB6004D9974 /* footerView.swift */,
				5ED7DACC2AE00AC0004D9974 /* contactsView.swift */,
				5ED7DACE2AE1403A004D9974 /* exhibitorsView.swift */,
			);
			path = "SPG-2023";
			sourceTree = "<group>";
		};
		5ED7DA452ADE5C33004D9974 /* CoreData */ = {
			isa = PBXGroup;
			children = (
				5ED7DA462ADE5C8E004D9974 /* CoreDataStack.swift */,
			);
			path = CoreData;
			sourceTree = "<group>";
		};
		BA0B0D8899E143EEB6ADACC4 /* Frameworks */ = {
			isa = PBXGroup;
			children = (
				B83BBADDAEC9C730A6DA3B5F /* Pods_SPG_2023.framework */,
				3D412A02AA6BE034514AAD73 /* Pods_SPG_2023_SPG_2023UITests.framework */,
				67762BC471108428AC33E253 /* Pods_SPG_2023Tests.framework */,
			);
			name = Frameworks;
			sourceTree = "<group>";
		};
		D75EE729067AFB76DF4EB6A8 /* Pods */ = {
			isa = PBXGroup;
			children = (
				6AE6E0E2A9AC7546051FFC9C /* Pods-SPG 2023.debug.xcconfig */,
				9CBFE3BF55877940CE4868FF /* Pods-SPG 2023.release.xcconfig */,
				41B0152FD86A8634687A9181 /* Pods-SPG 2023-SPG 2023UITests.debug.xcconfig */,
				FCE4A79211F88CF83F3486C0 /* Pods-SPG 2023-SPG 2023UITests.release.xcconfig */,
				F453B563365DBEF1A6ACB33A /* Pods-SPG 2023Tests.debug.xcconfig */,
				65F7F0D169A3781D776BABC0 /* Pods-SPG 2023Tests.release.xcconfig */,
			);
			path = Pods;
			sourceTree = "<group>";
		};
/* End PBXGroup section */

/* Begin PBXNativeTarget section */
		5E4970D42ACD46EC003870AC /* SPG 2023 */ = {
			isa = PBXNativeTarget;
			buildConfigurationList = 5E4970FE2ACD46ED003870AC /* Build configuration list for PBXNativeTarget "SPG 2023" */;
			buildPhases = (
				86EEE89DE85F3AAF039D2457 /* [CP] Check Pods Manifest.lock */,
				5E4970D12ACD46EC003870AC /* Sources */,
				5E4970D22ACD46EC003870AC /* Frameworks */,
				5E4970D32ACD46EC003870AC /* Resources */,
				182D33A0F833E23523EC402F /* [CP] Embed Pods Frameworks */,
			);
			buildRules = (
			);
			dependencies = (
			);
			name = "SPG 2023";
			productName = "SPEG-NOV-2023";
			productReference = 5E4970D52ACD46EC003870AC /* SPG 2023.app */;
			productType = "com.apple.product-type.application";
		};
		5E4970E92ACD46ED003870AC /* SPG 2023Tests */ = {
			isa = PBXNativeTarget;
			buildConfigurationList = 5E4971012ACD46ED003870AC /* Build configuration list for PBXNativeTarget "SPG 2023Tests" */;
			buildPhases = (
				C361F64249C86B0E807CE3CB /* [CP] Check Pods Manifest.lock */,
				5E4970E62ACD46ED003870AC /* Sources */,
				5E4970E72ACD46ED003870AC /* Frameworks */,
				5E4970E82ACD46ED003870AC /* Resources */,
				E7D190B3FC5D3370E32AE244 /* [CP] Embed Pods Frameworks */,
			);
			buildRules = (
			);
			dependencies = (
				5E4970EC2ACD46ED003870AC /* PBXTargetDependency */,
			);
			name = "SPG 2023Tests";
			productName = "SPEG-NOV-2023Tests";
			productReference = 5E4970EA2ACD46ED003870AC /* SPG 2023Tests.xctest */;
			productType = "com.apple.product-type.bundle.unit-test";
		};
		5E4970F32ACD46ED003870AC /* SPG 2023UITests */ = {
			isa = PBXNativeTarget;
			buildConfigurationList = 5E4971042ACD46ED003870AC /* Build configuration list for PBXNativeTarget "SPG 2023UITests" */;
			buildPhases = (
				18F1696B4CFFC45B6F3FA2E0 /* [CP] Check Pods Manifest.lock */,
				5E4970F02ACD46ED003870AC /* Sources */,
				5E4970F12ACD46ED003870AC /* Frameworks */,
				5E4970F22ACD46ED003870AC /* Resources */,
				68F4CF148DA386361C615F65 /* [CP] Embed Pods Frameworks */,
			);
			buildRules = (
			);
			dependencies = (
				5E4970F62ACD46ED003870AC /* PBXTargetDependency */,
			);
			name = "SPG 2023UITests";
			productName = "SPEG-NOV-2023UITests";
			productReference = 5E4970F42ACD46ED003870AC /* SPG 2023UITests.xctest */;
			productType = "com.apple.product-type.bundle.ui-testing";
		};
/* End PBXNativeTarget section */

/* Begin PBXProject section */
		5E4970CD2ACD46EC003870AC /* Project object */ = {
			isa = PBXProject;
			attributes = {
				BuildIndependentTargetsInParallel = 1;
				LastSwiftUpdateCheck = 1430;
				LastUpgradeCheck = 1430;
				TargetAttributes = {
					5E4970D42ACD46EC003870AC = {
						CreatedOnToolsVersion = 14.3.1;
					};
					5E4970E92ACD46ED003870AC = {
						CreatedOnToolsVersion = 14.3.1;
						TestTargetID = 5E4970D42ACD46EC003870AC;
					};
					5E4970F32ACD46ED003870AC = {
						CreatedOnToolsVersion = 14.3.1;
						TestTargetID = 5E4970D42ACD46EC003870AC;
					};
				};
			};
			buildConfigurationList = 5E4970D02ACD46EC003870AC /* Build configuration list for PBXProject "SPG 2023" */;
			compatibilityVersion = "Xcode 14.0";
			developmentRegion = en;
			hasScannedForEncodings = 0;
			knownRegions = (
				en,
				Base,
			);
			mainGroup = 5E4970CC2ACD46EC003870AC;
			productRefGroup = 5E4970D62ACD46EC003870AC /* Products */;
			projectDirPath = "";
			projectRoot = "";
			targets = (
				5E4970D42ACD46EC003870AC /* SPG 2023 */,
				5E4970E92ACD46ED003870AC /* SPG 2023Tests */,
				5E4970F32ACD46ED003870AC /* SPG 2023UITests */,
			);
		};
/* End PBXProject section */

/* Begin PBXResourcesBuildPhase section */
		5E4970D32ACD46EC003870AC /* Resources */ = {
			isa = PBXResourcesBuildPhase;
			buildActionMask = 2147483647;
			files = (
				5E4970E02ACD46ED003870AC /* Preview Assets.xcassets in Resources */,
				5E4970DD2ACD46ED003870AC /* Assets.xcassets in Resources */,
				5E22F74A2AD7BAA900207F8A /* Launch Screen.storyboard in Resources */,
				5E4869E12AD2BF1600435ED8 /* Data in Resources */,
			);
			runOnlyForDeploymentPostprocessing = 0;
		};
		5E4970E82ACD46ED003870AC /* Resources */ = {
			isa = PBXResourcesBuildPhase;
			buildActionMask = 2147483647;
			files = (
			);
			runOnlyForDeploymentPostprocessing = 0;
		};
		5E4970F22ACD46ED003870AC /* Resources */ = {
			isa = PBXResourcesBuildPhase;
			buildActionMask = 2147483647;
			files = (
			);
			runOnlyForDeploymentPostprocessing = 0;
		};
/* End PBXResourcesBuildPhase section */

/* Begin PBXShellScriptBuildPhase section */
		182D33A0F833E23523EC402F /* [CP] Embed Pods Frameworks */ = {
			isa = PBXShellScriptBuildPhase;
			buildActionMask = 2147483647;
			files = (
			);
			inputFileListPaths = (
				"${PODS_ROOT}/Target Support Files/Pods-SPG 2023/Pods-SPG 2023-frameworks-${CONFIGURATION}-input-files.xcfilelist",
			);
			name = "[CP] Embed Pods Frameworks";
			outputFileListPaths = (
				"${PODS_ROOT}/Target Support Files/Pods-SPG 2023/Pods-SPG 2023-frameworks-${CONFIGURATION}-output-files.xcfilelist",
			);
			runOnlyForDeploymentPostprocessing = 0;
			shellPath = /bin/sh;
			shellScript = "\"${PODS_ROOT}/Target Support Files/Pods-SPG 2023/Pods-SPG 2023-frameworks.sh\"\n";
			showEnvVarsInLog = 0;
		};
		18F1696B4CFFC45B6F3FA2E0 /* [CP] Check Pods Manifest.lock */ = {
			isa = PBXShellScriptBuildPhase;
			buildActionMask = 2147483647;
			files = (
			);
			inputFileListPaths = (
			);
			inputPaths = (
				"${PODS_PODFILE_DIR_PATH}/Podfile.lock",
				"${PODS_ROOT}/Manifest.lock",
			);
			name = "[CP] Check Pods Manifest.lock";
			outputFileListPaths = (
			);
			outputPaths = (
				"$(DERIVED_FILE_DIR)/Pods-SPG 2023-SPG 2023UITests-checkManifestLockResult.txt",
			);
			runOnlyForDeploymentPostprocessing = 0;
			shellPath = /bin/sh;
			shellScript = "diff \"${PODS_PODFILE_DIR_PATH}/Podfile.lock\" \"${PODS_ROOT}/Manifest.lock\" > /dev/null\nif [ $? != 0 ] ; then\n    # print error to STDERR\n    echo \"error: The sandbox is not in sync with the Podfile.lock. Run 'pod install' or update your CocoaPods installation.\" >&2\n    exit 1\nfi\n# This output is used by Xcode 'outputs' to avoid re-running this script phase.\necho \"SUCCESS\" > \"${SCRIPT_OUTPUT_FILE_0}\"\n";
			showEnvVarsInLog = 0;
		};
		68F4CF148DA386361C615F65 /* [CP] Embed Pods Frameworks */ = {
			isa = PBXShellScriptBuildPhase;
			buildActionMask = 2147483647;
			files = (
			);
			inputFileListPaths = (
				"${PODS_ROOT}/Target Support Files/Pods-SPG 2023-SPG 2023UITests/Pods-SPG 2023-SPG 2023UITests-frameworks-${CONFIGURATION}-input-files.xcfilelist",
			);
			name = "[CP] Embed Pods Frameworks";
			outputFileListPaths = (
				"${PODS_ROOT}/Target Support Files/Pods-SPG 2023-SPG 2023UITests/Pods-SPG 2023-SPG 2023UITests-frameworks-${CONFIGURATION}-output-files.xcfilelist",
			);
			runOnlyForDeploymentPostprocessing = 0;
			shellPath = /bin/sh;
			shellScript = "\"${PODS_ROOT}/Target Support Files/Pods-SPG 2023-SPG 2023UITests/Pods-SPG 2023-SPG 2023UITests-frameworks.sh\"\n";
			showEnvVarsInLog = 0;
		};
		86EEE89DE85F3AAF039D2457 /* [CP] Check Pods Manifest.lock */ = {
			isa = PBXShellScriptBuildPhase;
			buildActionMask = 2147483647;
			files = (
			);
			inputFileListPaths = (
			);
			inputPaths = (
				"${PODS_PODFILE_DIR_PATH}/Podfile.lock",
				"${PODS_ROOT}/Manifest.lock",
			);
			name = "[CP] Check Pods Manifest.lock";
			outputFileListPaths = (
			);
			outputPaths = (
				"$(DERIVED_FILE_DIR)/Pods-SPG 2023-checkManifestLockResult.txt",
			);
			runOnlyForDeploymentPostprocessing = 0;
			shellPath = /bin/sh;
			shellScript = "diff \"${PODS_PODFILE_DIR_PATH}/Podfile.lock\" \"${PODS_ROOT}/Manifest.lock\" > /dev/null\nif [ $? != 0 ] ; then\n    # print error to STDERR\n    echo \"error: The sandbox is not in sync with the Podfile.lock. Run 'pod install' or update your CocoaPods installation.\" >&2\n    exit 1\nfi\n# This output is used by Xcode 'outputs' to avoid re-running this script phase.\necho \"SUCCESS\" > \"${SCRIPT_OUTPUT_FILE_0}\"\n";
			showEnvVarsInLog = 0;
		};
		C361F64249C86B0E807CE3CB /* [CP] Check Pods Manifest.lock */ = {
			isa = PBXShellScriptBuildPhase;
			buildActionMask = 2147483647;
			files = (
			);
			inputFileListPaths = (
			);
			inputPaths = (
				"${PODS_PODFILE_DIR_PATH}/Podfile.lock",
				"${PODS_ROOT}/Manifest.lock",
			);
			name = "[CP] Check Pods Manifest.lock";
			outputFileListPaths = (
			);
			outputPaths = (
				"$(DERIVED_FILE_DIR)/Pods-SPG 2023Tests-checkManifestLockResult.txt",
			);
			runOnlyForDeploymentPostprocessing = 0;
			shellPath = /bin/sh;
			shellScript = "diff \"${PODS_PODFILE_DIR_PATH}/Podfile.lock\" \"${PODS_ROOT}/Manifest.lock\" > /dev/null\nif [ $? != 0 ] ; then\n    # print error to STDERR\n    echo \"error: The sandbox is not in sync with the Podfile.lock. Run 'pod install' or update your CocoaPods installation.\" >&2\n    exit 1\nfi\n# This output is used by Xcode 'outputs' to avoid re-running this script phase.\necho \"SUCCESS\" > \"${SCRIPT_OUTPUT_FILE_0}\"\n";
			showEnvVarsInLog = 0;
		};
		E7D190B3FC5D3370E32AE244 /* [CP] Embed Pods Frameworks */ = {
			isa = PBXShellScriptBuildPhase;
			buildActionMask = 2147483647;
			files = (
			);
			inputFileListPaths = (
				"${PODS_ROOT}/Target Support Files/Pods-SPG 2023Tests/Pods-SPG 2023Tests-frameworks-${CONFIGURATION}-input-files.xcfilelist",
			);
			name = "[CP] Embed Pods Frameworks";
			outputFileListPaths = (
				"${PODS_ROOT}/Target Support Files/Pods-SPG 2023Tests/Pods-SPG 2023Tests-frameworks-${CONFIGURATION}-output-files.xcfilelist",
			);
			runOnlyForDeploymentPostprocessing = 0;
			shellPath = /bin/sh;
			shellScript = "\"${PODS_ROOT}/Target Support Files/Pods-SPG 2023Tests/Pods-SPG 2023Tests-frameworks.sh\"\n";
			showEnvVarsInLog = 0;
		};
/* End PBXShellScriptBuildPhase section */

/* Begin PBXSourcesBuildPhase section */
		5E4970D12ACD46EC003870AC /* Sources */ = {
			isa = PBXSourcesBuildPhase;
			buildActionMask = 2147483647;
			files = (
				5ED7DA472ADE5C8E004D9974 /* CoreDataStack.swift in Sources */,
				5E4869E32AD3C36E00435ED8 /* LoadFileData.swift in Sources */,
				5E4869D12ACE979F00435ED8 /* tracksView.swift in Sources */,
				5E4869D72ACFCED200435ED8 /* FirstPage.swift in Sources */,
				5E4869D92ACFD8EB00435ED8 /* Main.swift in Sources */,
				5E97AEDE2AD669E20016DCE6 /* AuthorsView.swift in Sources */,
				5E2149F62AD6D8A900BB0CCD /* pdfViewHelp.swift in Sources */,
				5EB967232AD564EE0003B2FD /* Test.swift in Sources */,
				5E4970E22ACD46ED003870AC /* Persistence.swift in Sources */,
				5E2149EE2AD6BBF300BB0CCD /* programView.swift in Sources */,
				5ED7DA492ADE622A004D9974 /* favouritesView.swift in Sources */,
				5ED7DACD2AE00AC0004D9974 /* contactsView.swift in Sources */,
				5ED7DA3B2ADD4BF4004D9974 /* tracksDetailView.swift in Sources */,
				5ED7DACF2AE1403A004D9974 /* exhibitorsView.swift in Sources */,
				5E3D3C002AD7F54200D6E249 /* ScheduleDetailsView.swift in Sources */,
				5ED7DAC72ADEBA8E004D9974 /* saveToLocal.swift in Sources */,
				5ED7DA412ADD6619004D9974 /* sponsorsView.swift in Sources */,
				5E3D3C022AD7FF7000D6E249 /* taskSummaryView.swift in Sources */,
				5E22F74C2AD7BD7400207F8A /* splashView.swift in Sources */,
				5EB9671F2AD4177B0003B2FD /* CECourseDetailView.swift in Sources */,
				5E3D3BFE2AD7F38700D6E249 /* ScheduleView.swift in Sources */,
				5EB967212AD556C90003B2FD /* NavigationModifiers.swift in Sources */,
				5E4869E52AD3E12500435ED8 /* loadJsonData.swift in Sources */,
				5E4869D32ACED92400435ED8 /* SideMenuView.swift in Sources */,
				5E4970E52ACD46ED003870AC /* SPEG_NOV_2023.xcdatamodeld in Sources */,
				5E4970DB2ACD46EC003870AC /* ContentView.swift in Sources */,
				5E2149EC2AD6B84700BB0CCD /* RegistrationView.swift in Sources */,
				5ED7DAC92ADFE840004D9974 /* HeaderView.swift in Sources */,
				5E2149F22AD6D87500BB0CCD /* ConferenceView.swift in Sources */,
				5E4971092ACD78F2003870AC /* home.swift in Sources */,
				5E3D3BFC2AD7CF8F00D6E249 /* authorsDetailView.swift in Sources */,
				5ED7DACB2ADFEBB6004D9974 /* footerView.swift in Sources */,
				5ED7DAC52ADEACF8004D9974 /* galleryView.swift in Sources */,
				5ED7DA442ADE53A2004D9974 /* Model.xcdatamodeld in Sources */,
				5E4869D52ACFCC5800435ED8 /* CECourseView.swift in Sources */,
				5E4970D92ACD46EC003870AC /* SPEG_NOV_2023App.swift in Sources */,
				5E2149F42AD6D88500BB0CCD /* ExhibitionView.swift in Sources */,
				5ED7DA3D2ADD58D2004D9974 /* keynoteSpeakersView.swift in Sources */,
				5E3D3C042AD809E100D6E249 /* firebaseDB.swift in Sources */,
				5E49710B2ACE8243003870AC /* ExtraCode.swift in Sources */,
				5E4869DD2ACFEC0400435ED8 /* NavigateView.swift in Sources */,
				5ED7DA3F2ADD5CA3004D9974 /* KeyNoteDetailView.swift in Sources */,
			);
			runOnlyForDeploymentPostprocessing = 0;
		};
		5E4970E62ACD46ED003870AC /* Sources */ = {
			isa = PBXSourcesBuildPhase;
			buildActionMask = 2147483647;
			files = (
				5E4970EF2ACD46ED003870AC /* SPEG_NOV_2023Tests.swift in Sources */,
			);
			runOnlyForDeploymentPostprocessing = 0;
		};
		5E4970F02ACD46ED003870AC /* Sources */ = {
			isa = PBXSourcesBuildPhase;
			buildActionMask = 2147483647;
			files = (
				5E4970FB2ACD46ED003870AC /* SPEG_NOV_2023UITestsLaunchTests.swift in Sources */,
				5E4970F92ACD46ED003870AC /* SPEG_NOV_2023UITests.swift in Sources */,
			);
			runOnlyForDeploymentPostprocessing = 0;
		};
/* End PBXSourcesBuildPhase section */

/* Begin PBXTargetDependency section */
		5E4970EC2ACD46ED003870AC /* PBXTargetDependency */ = {
			isa = PBXTargetDependency;
			target = 5E4970D42ACD46EC003870AC /* SPG 2023 */;
			targetProxy = 5E4970EB2ACD46ED003870AC /* PBXContainerItemProxy */;
		};
		5E4970F62ACD46ED003870AC /* PBXTargetDependency */ = {
			isa = PBXTargetDependency;
			target = 5E4970D42ACD46EC003870AC /* SPG 2023 */;
			targetProxy = 5E4970F52ACD46ED003870AC /* PBXContainerItemProxy */;
		};
/* End PBXTargetDependency section */

/* Begin XCBuildConfiguration section */
		5E4970FC2ACD46ED003870AC /* Debug */ = {
			isa = XCBuildConfiguration;
			buildSettings = {
				ALWAYS_SEARCH_USER_PATHS = NO;
				CLANG_ANALYZER_NONNULL = YES;
				CLANG_ANALYZER_NUMBER_OBJECT_CONVERSION = YES_AGGRESSIVE;
				CLANG_CXX_LANGUAGE_STANDARD = "gnu++20";
				CLANG_ENABLE_MODULES = YES;
				CLANG_ENABLE_OBJC_ARC = YES;
				CLANG_ENABLE_OBJC_WEAK = YES;
				CLANG_WARN_BLOCK_CAPTURE_AUTORELEASING = YES;
				CLANG_WARN_BOOL_CONVERSION = YES;
				CLANG_WARN_COMMA = YES;
				CLANG_WARN_CONSTANT_CONVERSION = YES;
				CLANG_WARN_DEPRECATED_OBJC_IMPLEMENTATIONS = YES;
				CLANG_WARN_DIRECT_OBJC_ISA_USAGE = YES_ERROR;
				CLANG_WARN_DOCUMENTATION_COMMENTS = YES;
				CLANG_WARN_EMPTY_BODY = YES;
				CLANG_WARN_ENUM_CONVERSION = YES;
				CLANG_WARN_INFINITE_RECURSION = YES;
				CLANG_WARN_INT_CONVERSION = YES;
				CLANG_WARN_NON_LITERAL_NULL_CONVERSION = YES;
				CLANG_WARN_OBJC_IMPLICIT_RETAIN_SELF = YES;
				CLANG_WARN_OBJC_LITERAL_CONVERSION = YES;
				CLANG_WARN_OBJC_ROOT_CLASS = YES_ERROR;
				CLANG_WARN_QUOTED_INCLUDE_IN_FRAMEWORK_HEADER = YES;
				CLANG_WARN_RANGE_LOOP_ANALYSIS = YES;
				CLANG_WARN_STRICT_PROTOTYPES = YES;
				CLANG_WARN_SUSPICIOUS_MOVE = YES;
				CLANG_WARN_UNGUARDED_AVAILABILITY = YES_AGGRESSIVE;
				CLANG_WARN_UNREACHABLE_CODE = YES;
				CLANG_WARN__DUPLICATE_METHOD_MATCH = YES;
				COPY_PHASE_STRIP = NO;
				DEBUG_INFORMATION_FORMAT = dwarf;
				ENABLE_STRICT_OBJC_MSGSEND = YES;
				ENABLE_TESTABILITY = YES;
				GCC_C_LANGUAGE_STANDARD = gnu11;
				GCC_DYNAMIC_NO_PIC = NO;
				GCC_NO_COMMON_BLOCKS = YES;
				GCC_OPTIMIZATION_LEVEL = 0;
				GCC_PREPROCESSOR_DEFINITIONS = (
					"DEBUG=1",
					"$(inherited)",
				);
				GCC_WARN_64_TO_32_BIT_CONVERSION = YES;
				GCC_WARN_ABOUT_RETURN_TYPE = YES_ERROR;
				GCC_WARN_UNDECLARED_SELECTOR = YES;
				GCC_WARN_UNINITIALIZED_AUTOS = YES_AGGRESSIVE;
				GCC_WARN_UNUSED_FUNCTION = YES;
				GCC_WARN_UNUSED_VARIABLE = YES;
				IPHONEOS_DEPLOYMENT_TARGET = 16.4;
				MTL_ENABLE_DEBUG_INFO = INCLUDE_SOURCE;
				MTL_FAST_MATH = YES;
				ONLY_ACTIVE_ARCH = YES;
				SDKROOT = iphoneos;
				SWIFT_ACTIVE_COMPILATION_CONDITIONS = DEBUG;
				SWIFT_OPTIMIZATION_LEVEL = "-Onone";
			};
			name = Debug;
		};
		5E4970FD2ACD46ED003870AC /* Release */ = {
			isa = XCBuildConfiguration;
			buildSettings = {
				ALWAYS_SEARCH_USER_PATHS = NO;
				CLANG_ANALYZER_NONNULL = YES;
				CLANG_ANALYZER_NUMBER_OBJECT_CONVERSION = YES_AGGRESSIVE;
				CLANG_CXX_LANGUAGE_STANDARD = "gnu++20";
				CLANG_ENABLE_MODULES = YES;
				CLANG_ENABLE_OBJC_ARC = YES;
				CLANG_ENABLE_OBJC_WEAK = YES;
				CLANG_WARN_BLOCK_CAPTURE_AUTORELEASING = YES;
				CLANG_WARN_BOOL_CONVERSION = YES;
				CLANG_WARN_COMMA = YES;
				CLANG_WARN_CONSTANT_CONVERSION = YES;
				CLANG_WARN_DEPRECATED_OBJC_IMPLEMENTATIONS = YES;
				CLANG_WARN_DIRECT_OBJC_ISA_USAGE = YES_ERROR;
				CLANG_WARN_DOCUMENTATION_COMMENTS = YES;
				CLANG_WARN_EMPTY_BODY = YES;
				CLANG_WARN_ENUM_CONVERSION = YES;
				CLANG_WARN_INFINITE_RECURSION = YES;
				CLANG_WARN_INT_CONVERSION = YES;
				CLANG_WARN_NON_LITERAL_NULL_CONVERSION = YES;
				CLANG_WARN_OBJC_IMPLICIT_RETAIN_SELF = YES;
				CLANG_WARN_OBJC_LITERAL_CONVERSION = YES;
				CLANG_WARN_OBJC_ROOT_CLASS = YES_ERROR;
				CLANG_WARN_QUOTED_INCLUDE_IN_FRAMEWORK_HEADER = YES;
				CLANG_WARN_RANGE_LOOP_ANALYSIS = YES;
				CLANG_WARN_STRICT_PROTOTYPES = YES;
				CLANG_WARN_SUSPICIOUS_MOVE = YES;
				CLANG_WARN_UNGUARDED_AVAILABILITY = YES_AGGRESSIVE;
				CLANG_WARN_UNREACHABLE_CODE = YES;
				CLANG_WARN__DUPLICATE_METHOD_MATCH = YES;
				COPY_PHASE_STRIP = NO;
				DEBUG_INFORMATION_FORMAT = "dwarf-with-dsym";
				ENABLE_NS_ASSERTIONS = NO;
				ENABLE_STRICT_OBJC_MSGSEND = YES;
				GCC_C_LANGUAGE_STANDARD = gnu11;
				GCC_NO_COMMON_BLOCKS = YES;
				GCC_WARN_64_TO_32_BIT_CONVERSION = YES;
				GCC_WARN_ABOUT_RETURN_TYPE = YES_ERROR;
				GCC_WARN_UNDECLARED_SELECTOR = YES;
				GCC_WARN_UNINITIALIZED_AUTOS = YES_AGGRESSIVE;
				GCC_WARN_UNUSED_FUNCTION = YES;
				GCC_WARN_UNUSED_VARIABLE = YES;
				IPHONEOS_DEPLOYMENT_TARGET = 16.4;
				MTL_ENABLE_DEBUG_INFO = NO;
				MTL_FAST_MATH = YES;
				SDKROOT = iphoneos;
				SWIFT_COMPILATION_MODE = wholemodule;
				SWIFT_OPTIMIZATION_LEVEL = "-O";
				VALIDATE_PRODUCT = YES;
			};
			name = Release;
		};
		5E4970FF2ACD46ED003870AC /* Debug */ = {
			isa = XCBuildConfiguration;
			baseConfigurationReference = 6AE6E0E2A9AC7546051FFC9C /* Pods-SPG 2023.debug.xcconfig */;
			buildSettings = {
				ASSETCATALOG_COMPILER_APPICON_NAME = AppIcon;
				ASSETCATALOG_COMPILER_GLOBAL_ACCENT_COLOR_NAME = AccentColor;
				CODE_SIGN_STYLE = Automatic;
				CURRENT_PROJECT_VERSION = 1;
				DEVELOPMENT_ASSET_PATHS = "\"SPEG-NOV-2023/Preview Content\"";
				DEVELOPMENT_TEAM = D737A8DLZN;
				ENABLE_PREVIEWS = YES;
				GENERATE_INFOPLIST_FILE = YES;
				INFOPLIST_FILE = "SPEG-NOV-2023/Info.plist";
				INFOPLIST_KEY_UIApplicationSceneManifest_Generation = YES;
				INFOPLIST_KEY_UIApplicationSupportsIndirectInputEvents = YES;
				INFOPLIST_KEY_UILaunchScreen_Generation = YES;
				INFOPLIST_KEY_UILaunchStoryboardName = "Launch Screen.storyboard";
				INFOPLIST_KEY_UISupportedInterfaceOrientations_iPad = "UIInterfaceOrientationPortrait UIInterfaceOrientationPortraitUpsideDown UIInterfaceOrientationLandscapeLeft UIInterfaceOrientationLandscapeRight";
				INFOPLIST_KEY_UISupportedInterfaceOrientations_iPhone = "UIInterfaceOrientationPortrait UIInterfaceOrientationLandscapeLeft UIInterfaceOrientationLandscapeRight";
				IPHONEOS_DEPLOYMENT_TARGET = 16;
				LD_RUNPATH_SEARCH_PATHS = (
					"$(inherited)",
					"@executable_path/Frameworks",
				);
				MARKETING_VERSION = 1.0;
				PRODUCT_BUNDLE_IDENTIFIER = "end.com.SPEG-2023";
				PRODUCT_NAME = "$(TARGET_NAME)";
				SWIFT_EMIT_LOC_STRINGS = YES;
				SWIFT_VERSION = 5.0;
				TARGETED_DEVICE_FAMILY = "1,2";
			};
			name = Debug;
		};
		5E4971002ACD46ED003870AC /* Release */ = {
			isa = XCBuildConfiguration;
			baseConfigurationReference = 9CBFE3BF55877940CE4868FF /* Pods-SPG 2023.release.xcconfig */;
			buildSettings = {
				ASSETCATALOG_COMPILER_APPICON_NAME = AppIcon;
				ASSETCATALOG_COMPILER_GLOBAL_ACCENT_COLOR_NAME = AccentColor;
				CODE_SIGN_STYLE = Automatic;
				CURRENT_PROJECT_VERSION = 1;
				DEVELOPMENT_ASSET_PATHS = "\"SPEG-NOV-2023/Preview Content\"";
				DEVELOPMENT_TEAM = D737A8DLZN;
				ENABLE_PREVIEWS = YES;
				GENERATE_INFOPLIST_FILE = YES;
				INFOPLIST_FILE = "SPEG-NOV-2023/Info.plist";
				INFOPLIST_KEY_UIApplicationSceneManifest_Generation = YES;
				INFOPLIST_KEY_UIApplicationSupportsIndirectInputEvents = YES;
				INFOPLIST_KEY_UILaunchScreen_Generation = YES;
				INFOPLIST_KEY_UILaunchStoryboardName = "Launch Screen.storyboard";
				INFOPLIST_KEY_UISupportedInterfaceOrientations_iPad = "UIInterfaceOrientationPortrait UIInterfaceOrientationPortraitUpsideDown UIInterfaceOrientationLandscapeLeft UIInterfaceOrientationLandscapeRight";
				INFOPLIST_KEY_UISupportedInterfaceOrientations_iPhone = "UIInterfaceOrientationPortrait UIInterfaceOrientationLandscapeLeft UIInterfaceOrientationLandscapeRight";
				IPHONEOS_DEPLOYMENT_TARGET = 16;
				LD_RUNPATH_SEARCH_PATHS = (
					"$(inherited)",
					"@executable_path/Frameworks",
				);
				MARKETING_VERSION = 1.0;
				PRODUCT_BUNDLE_IDENTIFIER = "end.com.SPEG-2023";
				PRODUCT_NAME = "$(TARGET_NAME)";
				SWIFT_EMIT_LOC_STRINGS = YES;
				SWIFT_VERSION = 5.0;
				TARGETED_DEVICE_FAMILY = "1,2";
			};
			name = Release;
		};
		5E4971022ACD46ED003870AC /* Debug */ = {
			isa = XCBuildConfiguration;
			baseConfigurationReference = F453B563365DBEF1A6ACB33A /* Pods-SPG 2023Tests.debug.xcconfig */;
			buildSettings = {
				ALWAYS_EMBED_SWIFT_STANDARD_LIBRARIES = YES;
				BUNDLE_LOADER = "$(TEST_HOST)";
				CODE_SIGN_STYLE = Automatic;
				CURRENT_PROJECT_VERSION = 1;
				DEVELOPMENT_TEAM = M3VBX7NRK4;
				GENERATE_INFOPLIST_FILE = YES;
				IPHONEOS_DEPLOYMENT_TARGET = 16.4;
				MARKETING_VERSION = 1.0;
				PRODUCT_BUNDLE_IDENTIFIER = "end.com.SPEG-NOV-2023Tests";
				PRODUCT_NAME = "$(TARGET_NAME)";
				SWIFT_EMIT_LOC_STRINGS = NO;
				SWIFT_VERSION = 5.0;
				TARGETED_DEVICE_FAMILY = "1,2";
				TEST_HOST = "$(BUILT_PRODUCTS_DIR)/SPG 2023.app/$(BUNDLE_EXECUTABLE_FOLDER_PATH)/SPG 2023";
			};
			name = Debug;
		};
		5E4971032ACD46ED003870AC /* Release */ = {
			isa = XCBuildConfiguration;
			baseConfigurationReference = 65F7F0D169A3781D776BABC0 /* Pods-SPG 2023Tests.release.xcconfig */;
			buildSettings = {
				ALWAYS_EMBED_SWIFT_STANDARD_LIBRARIES = YES;
				BUNDLE_LOADER = "$(TEST_HOST)";
				CODE_SIGN_STYLE = Automatic;
				CURRENT_PROJECT_VERSION = 1;
				DEVELOPMENT_TEAM = M3VBX7NRK4;
				GENERATE_INFOPLIST_FILE = YES;
				IPHONEOS_DEPLOYMENT_TARGET = 16.4;
				MARKETING_VERSION = 1.0;
				PRODUCT_BUNDLE_IDENTIFIER = "end.com.SPEG-NOV-2023Tests";
				PRODUCT_NAME = "$(TARGET_NAME)";
				SWIFT_EMIT_LOC_STRINGS = NO;
				SWIFT_VERSION = 5.0;
				TARGETED_DEVICE_FAMILY = "1,2";
				TEST_HOST = "$(BUILT_PRODUCTS_DIR)/SPG 2023.app/$(BUNDLE_EXECUTABLE_FOLDER_PATH)/SPG 2023";
			};
			name = Release;
		};
		5E4971052ACD46ED003870AC /* Debug */ = {
			isa = XCBuildConfiguration;
			baseConfigurationReference = 41B0152FD86A8634687A9181 /* Pods-SPG 2023-SPG 2023UITests.debug.xcconfig */;
			buildSettings = {
				ALWAYS_EMBED_SWIFT_STANDARD_LIBRARIES = YES;
				CODE_SIGN_STYLE = Automatic;
				CURRENT_PROJECT_VERSION = 1;
				DEVELOPMENT_TEAM = M3VBX7NRK4;
				GENERATE_INFOPLIST_FILE = YES;
				MARKETING_VERSION = 1.0;
				PRODUCT_BUNDLE_IDENTIFIER = "end.com.SPEG-NOV-2023UITests";
				PRODUCT_NAME = "$(TARGET_NAME)";
				SWIFT_EMIT_LOC_STRINGS = NO;
				SWIFT_VERSION = 5.0;
				TARGETED_DEVICE_FAMILY = "1,2";
				TEST_TARGET_NAME = "SPEG-NOV-2023";
			};
			name = Debug;
		};
		5E4971062ACD46ED003870AC /* Release */ = {
			isa = XCBuildConfiguration;
			baseConfigurationReference = FCE4A79211F88CF83F3486C0 /* Pods-SPG 2023-SPG 2023UITests.release.xcconfig */;
			buildSettings = {
				ALWAYS_EMBED_SWIFT_STANDARD_LIBRARIES = YES;
				CODE_SIGN_STYLE = Automatic;
				CURRENT_PROJECT_VERSION = 1;
				DEVELOPMENT_TEAM = M3VBX7NRK4;
				GENERATE_INFOPLIST_FILE = YES;
				MARKETING_VERSION = 1.0;
				PRODUCT_BUNDLE_IDENTIFIER = "end.com.SPEG-NOV-2023UITests";
				PRODUCT_NAME = "$(TARGET_NAME)";
				SWIFT_EMIT_LOC_STRINGS = NO;
				SWIFT_VERSION = 5.0;
				TARGETED_DEVICE_FAMILY = "1,2";
				TEST_TARGET_NAME = "SPEG-NOV-2023";
			};
			name = Release;
		};
/* End XCBuildConfiguration section */

/* Begin XCConfigurationList section */
		5E4970D02ACD46EC003870AC /* Build configuration list for PBXProject "SPG 2023" */ = {
			isa = XCConfigurationList;
			buildConfigurations = (
				5E4970FC2ACD46ED003870AC /* Debug */,
				5E4970FD2ACD46ED003870AC /* Release */,
			);
			defaultConfigurationIsVisible = 0;
			defaultConfigurationName = Release;
		};
		5E4970FE2ACD46ED003870AC /* Build configuration list for PBXNativeTarget "SPG 2023" */ = {
			isa = XCConfigurationList;
			buildConfigurations = (
				5E4970FF2ACD46ED003870AC /* Debug */,
				5E4971002ACD46ED003870AC /* Release */,
			);
			defaultConfigurationIsVisible = 0;
			defaultConfigurationName = Release;
		};
		5E4971012ACD46ED003870AC /* Build configuration list for PBXNativeTarget "SPG 2023Tests" */ = {
			isa = XCConfigurationList;
			buildConfigurations = (
				5E4971022ACD46ED003870AC /* Debug */,
				5E4971032ACD46ED003870AC /* Release */,
			);
			defaultConfigurationIsVisible = 0;
			defaultConfigurationName = Release;
		};
		5E4971042ACD46ED003870AC /* Build configuration list for PBXNativeTarget "SPG 2023UITests" */ = {
			isa = XCConfigurationList;
			buildConfigurations = (
				5E4971052ACD46ED003870AC /* Debug */,
				5E4971062ACD46ED003870AC /* Release */,
			);
			defaultConfigurationIsVisible = 0;
			defaultConfigurationName = Release;
		};
/* End XCConfigurationList section */

/* Begin XCVersionGroup section */
		5E4970E32ACD46ED003870AC /* SPEG_NOV_2023.xcdatamodeld */ = {
			isa = XCVersionGroup;
			children = (
				5E4970E42ACD46ED003870AC /* SPEG_NOV_2023.xcdatamodel */,
			);
			currentVersion = 5E4970E42ACD46ED003870AC /* SPEG_NOV_2023.xcdatamodel */;
			path = SPEG_NOV_2023.xcdatamodeld;
			sourceTree = "<group>";
			versionGroupType = wrapper.xcdatamodel;
		};
		5ED7DA422ADE53A2004D9974 /* Model.xcdatamodeld */ = {
			isa = XCVersionGroup;
			children = (
				5ED7DA432ADE53A2004D9974 /* Model.xcdatamodel */,
			);
			currentVersion = 5ED7DA432ADE53A2004D9974 /* Model.xcdatamodel */;
			path = Model.xcdatamodeld;
			sourceTree = "<group>";
			versionGroupType = wrapper.xcdatamodel;
		};
/* End XCVersionGroup section */
	};
	rootObject = 5E4970CD2ACD46EC003870AC /* Project object */;
}
